
Microsoft Visual Studio Solution File, Format Version 12.00
# Visual Studio Version 16
VisualStudioVersion = 25.0.1700.0
MinimumVisualStudioVersion = 10.0.40219.1
Project("{FAE04EC0-301F-11D3-BF4B-00C04F79EFBC}") = "akaru.dailytask.api", "akaru.dailytask.api\akaru.dailytask.api.csproj", "{9187EBD8-2158-42BD-981D-1F443A82E847}"
EndProject
Global
	GlobalSection(SolutionConfigurationPlatforms) = preSolution
		Debug|Any CPU = Debug|Any CPU
		Release|Any CPU = Release|Any CPU
	EndGlobalSection
	GlobalSection(ProjectConfigurationPlatforms) = postSolution
		{9187EBD8-2158-42BD-981D-1F443A82E847}.Debug|Any CPU.ActiveCfg = Debug|Any CPU
		{9187EBD8-2158-42BD-981D-1F443A82E847}.Debug|Any CPU.Build.0 = Debug|Any CPU
		{9187EBD8-2158-42BD-981D-1F443A82E847}.Release|Any CPU.ActiveCfg = Release|Any CPU
		{9187EBD8-2158-42BD-981D-1F443A82E847}.Release|Any CPU.Build.0 = Release|Any CPU
	EndGlobalSection
	GlobalSection(SolutionProperties) = preSolution
		HideSolutionNode = FALSE
	EndGlobalSection
	GlobalSection(ExtensibilityGlobals) = postSolution
		SolutionGuid = {8DE68083-4D5C-4700-9D1C-653F494C6169}
	EndGlobalSection
EndGlobal
