
Microsoft Visual Studio Solution File, Format Version 12.00
# Visual Studio Version 16
VisualStudioVersion = 16.0.31911.196
MinimumVisualStudioVersion = 10.0.40219.1
Project("{9A19103F-16F7-4668-BE54-9A1E7A4F7556}") = "Manabie.Togo.Api", "Manabie.Togo.Api\Manabie.Togo.Api.csproj", "{86642EB1-5D64-4204-A0EF-7B3ED4B3758C}"
EndProject
Project("{9A19103F-16F7-4668-BE54-9A1E7A4F7556}") = "Manabie.Togo.Domain", "Manabie.Togo.Domain\Manabie.Togo.Domain.csproj", "{EC46FBBB-4E35-4496-80F5-22093D5E4B1D}"
EndProject
Project("{9A19103F-16F7-4668-BE54-9A1E7A4F7556}") = "Manabie.Togo.Core", "Manabie.Togo.Core\Manabie.Togo.Core.csproj", "{2A52DAAA-CCFE-470A-BC99-C5A1EC04B6E0}"
EndProject
Project("{9A19103F-16F7-4668-BE54-9A1E7A4F7556}") = "Manabie.Togo.Data", "Manabie.Togo.Data\Manabie.Togo.Data.csproj", "{97A2C5F9-B4D7-4EBA-B9C0-D8CF32DC9D40}"
EndProject
Project("{9A19103F-16F7-4668-BE54-9A1E7A4F7556}") = "Manabie.Togo.JsonRepository", "Manabie.Togo.JsonRepository\Manabie.Togo.JsonRepository.csproj", "{B05E344C-30FF-4147-BC57-EC49DF8E834C}"
EndProject
Project("{9A19103F-16F7-4668-BE54-9A1E7A4F7556}") = "Manabie.Togo.RedisRepository", "Manabie.Togo.RedisRepository\Manabie.Togo.RedisRepository.csproj", "{DA63BFD4-4871-4219-8086-E16ACBBC280C}"
EndProject
Project("{9A19103F-16F7-4668-BE54-9A1E7A4F7556}") = "Manabie.Togo.Service", "Manabie.Togo.Service\Manabie.Togo.Service.csproj", "{09865B1E-5E4F-48CB-A2C9-64F67FC3C3CD}"
EndProject
Project("{9A19103F-16F7-4668-BE54-9A1E7A4F7556}") = "Manabie.Togo.Tests", "Manabie.Togo.Tests\Manabie.Togo.Tests.csproj", "{BE411F6C-8C78-4298-8F23-D1F9A168AAB7}"
EndProject
Global
	GlobalSection(SolutionConfigurationPlatforms) = preSolution
		Debug|Any CPU = Debug|Any CPU
		Release|Any CPU = Release|Any CPU
	EndGlobalSection
	GlobalSection(ProjectConfigurationPlatforms) = postSolution
		{86642EB1-5D64-4204-A0EF-7B3ED4B3758C}.Debug|Any CPU.ActiveCfg = Debug|Any CPU
		{86642EB1-5D64-4204-A0EF-7B3ED4B3758C}.Debug|Any CPU.Build.0 = Debug|Any CPU
		{86642EB1-5D64-4204-A0EF-7B3ED4B3758C}.Release|Any CPU.ActiveCfg = Release|Any CPU
		{86642EB1-5D64-4204-A0EF-7B3ED4B3758C}.Release|Any CPU.Build.0 = Release|Any CPU
		{EC46FBBB-4E35-4496-80F5-22093D5E4B1D}.Debug|Any CPU.ActiveCfg = Debug|Any CPU
		{EC46FBBB-4E35-4496-80F5-22093D5E4B1D}.Debug|Any CPU.Build.0 = Debug|Any CPU
		{EC46FBBB-4E35-4496-80F5-22093D5E4B1D}.Release|Any CPU.ActiveCfg = Release|Any CPU
		{EC46FBBB-4E35-4496-80F5-22093D5E4B1D}.Release|Any CPU.Build.0 = Release|Any CPU
		{2A52DAAA-CCFE-470A-BC99-C5A1EC04B6E0}.Debug|Any CPU.ActiveCfg = Debug|Any CPU
		{2A52DAAA-CCFE-470A-BC99-C5A1EC04B6E0}.Debug|Any CPU.Build.0 = Debug|Any CPU
		{2A52DAAA-CCFE-470A-BC99-C5A1EC04B6E0}.Release|Any CPU.ActiveCfg = Release|Any CPU
		{2A52DAAA-CCFE-470A-BC99-C5A1EC04B6E0}.Release|Any CPU.Build.0 = Release|Any CPU
		{97A2C5F9-B4D7-4EBA-B9C0-D8CF32DC9D40}.Debug|Any CPU.ActiveCfg = Debug|Any CPU
		{97A2C5F9-B4D7-4EBA-B9C0-D8CF32DC9D40}.Debug|Any CPU.Build.0 = Debug|Any CPU
		{97A2C5F9-B4D7-4EBA-B9C0-D8CF32DC9D40}.Release|Any CPU.ActiveCfg = Release|Any CPU
		{97A2C5F9-B4D7-4EBA-B9C0-D8CF32DC9D40}.Release|Any CPU.Build.0 = Release|Any CPU
		{B05E344C-30FF-4147-BC57-EC49DF8E834C}.Debug|Any CPU.ActiveCfg = Debug|Any CPU
		{B05E344C-30FF-4147-BC57-EC49DF8E834C}.Debug|Any CPU.Build.0 = Debug|Any CPU
		{B05E344C-30FF-4147-BC57-EC49DF8E834C}.Release|Any CPU.ActiveCfg = Release|Any CPU
		{B05E344C-30FF-4147-BC57-EC49DF8E834C}.Release|Any CPU.Build.0 = Release|Any CPU
		{DA63BFD4-4871-4219-8086-E16ACBBC280C}.Debug|Any CPU.ActiveCfg = Debug|Any CPU
		{DA63BFD4-4871-4219-8086-E16ACBBC280C}.Debug|Any CPU.Build.0 = Debug|Any CPU
		{DA63BFD4-4871-4219-8086-E16ACBBC280C}.Release|Any CPU.ActiveCfg = Release|Any CPU
		{DA63BFD4-4871-4219-8086-E16ACBBC280C}.Release|Any CPU.Build.0 = Release|Any CPU
		{09865B1E-5E4F-48CB-A2C9-64F67FC3C3CD}.Debug|Any CPU.ActiveCfg = Debug|Any CPU
		{09865B1E-5E4F-48CB-A2C9-64F67FC3C3CD}.Debug|Any CPU.Build.0 = Debug|Any CPU
		{09865B1E-5E4F-48CB-A2C9-64F67FC3C3CD}.Release|Any CPU.ActiveCfg = Release|Any CPU
		{09865B1E-5E4F-48CB-A2C9-64F67FC3C3CD}.Release|Any CPU.Build.0 = Release|Any CPU
		{BE411F6C-8C78-4298-8F23-D1F9A168AAB7}.Debug|Any CPU.ActiveCfg = Debug|Any CPU
		{BE411F6C-8C78-4298-8F23-D1F9A168AAB7}.Debug|Any CPU.Build.0 = Debug|Any CPU
		{BE411F6C-8C78-4298-8F23-D1F9A168AAB7}.Release|Any CPU.ActiveCfg = Release|Any CPU
		{BE411F6C-8C78-4298-8F23-D1F9A168AAB7}.Release|Any CPU.Build.0 = Release|Any CPU
	EndGlobalSection
	GlobalSection(SolutionProperties) = preSolution
		HideSolutionNode = FALSE
	EndGlobalSection
	GlobalSection(ExtensibilityGlobals) = postSolution
		SolutionGuid = {18D13737-D35E-4B7F-92CC-19363D0745D6}
	EndGlobalSection
EndGlobal
