
Microsoft Visual Studio Solution File, Format Version 12.00
# Visual Studio Version 16
VisualStudioVersion = 16.0.28803.352
MinimumVisualStudioVersion = 10.0.40219.1
Project("{FAE04EC0-301F-11D3-BF4B-00C04F79EFBC}") = "TogoManabie", "TogoManabie\TogoManabie.csproj", "{6377D1D7-147E-4723-AFD6-5C67AA9F49CB}"
EndProject
Global
	GlobalSection(SolutionConfigurationPlatforms) = preSolution
		Debug|Any CPU = Debug|Any CPU
		Release|Any CPU = Release|Any CPU
	EndGlobalSection
	GlobalSection(ProjectConfigurationPlatforms) = postSolution
		{6377D1D7-147E-4723-AFD6-5C67AA9F49CB}.Debug|Any CPU.ActiveCfg = Debug|Any CPU
		{6377D1D7-147E-4723-AFD6-5C67AA9F49CB}.Debug|Any CPU.Build.0 = Debug|Any CPU
		{6377D1D7-147E-4723-AFD6-5C67AA9F49CB}.Release|Any CPU.ActiveCfg = Release|Any CPU
		{6377D1D7-147E-4723-AFD6-5C67AA9F49CB}.Release|Any CPU.Build.0 = Release|Any CPU
	EndGlobalSection
	GlobalSection(SolutionProperties) = preSolution
		HideSolutionNode = FALSE
	EndGlobalSection
	GlobalSection(ExtensibilityGlobals) = postSolution
		SolutionGuid = {6FE90A1F-4522-46C0-ADAE-BDD03CDF0B39}
	EndGlobalSection
EndGlobal
