
Microsoft Visual Studio Solution File, Format Version 12.00
# Visual Studio Version 17
VisualStudioVersion = 17.0.31903.59
MinimumVisualStudioVersion = 10.0.40219.1
Project("{9A19103F-16F7-4668-BE54-9A1E7A4F7556}") = "Todo.Application", "Todo.Application\Todo.Application.csproj", "{56FBCFDC-CDC9-4497-9524-595ECCAB6759}"
EndProject
Project("{FAE04EC0-301F-11D3-BF4B-00C04F79EFBC}") = "Todo.Api", "Todo.Api\Todo.Api.csproj", "{B36E6F18-CB1A-44BE-9C05-0FD8D8F4B17B}"
EndProject
Project("{FAE04EC0-301F-11D3-BF4B-00C04F79EFBC}") = "Todo.Domain", "Todo.Domain\Todo.Domain.csproj", "{C41903BA-90BB-44D9-9C93-3A3E12801E3A}"
EndProject
Project("{FAE04EC0-301F-11D3-BF4B-00C04F79EFBC}") = "Todo.Infrastructure", "Todo.Infrastructure\Todo.Infrastructure.csproj", "{9005077D-011A-4ECF-9A71-31DEEF477EF7}"
EndProject
Project("{2150E333-8FDC-42A3-9474-1A3956D46DE8}") = "Tests", "Tests", "{AA322F44-0D94-4D54-871F-76072071F18A}"
EndProject
Project("{FAE04EC0-301F-11D3-BF4B-00C04F79EFBC}") = "Todo.Application.Test", "Todo.Application.Test\Todo.Application.Test.csproj", "{E94E0162-B139-4D5B-9C61-CA5751BE6F00}"
EndProject
Project("{FAE04EC0-301F-11D3-BF4B-00C04F79EFBC}") = "Todo.Api.Test", "Todo.Api.Test\Todo.Api.Test.csproj", "{D3CE1FD2-4FB3-4C92-AA00-FAE42640B797}"
EndProject
Project("{E53339B2-1760-4266-BCC7-CA923CBCF16C}") = "docker-compose", "docker-compose.dcproj", "{733FE142-928E-4413-8297-54B5B1DB9F69}"
EndProject
Global
	GlobalSection(SolutionConfigurationPlatforms) = preSolution
		Debug|Any CPU = Debug|Any CPU
		Release|Any CPU = Release|Any CPU
	EndGlobalSection
	GlobalSection(ProjectConfigurationPlatforms) = postSolution
		{56FBCFDC-CDC9-4497-9524-595ECCAB6759}.Debug|Any CPU.ActiveCfg = Debug|Any CPU
		{56FBCFDC-CDC9-4497-9524-595ECCAB6759}.Debug|Any CPU.Build.0 = Debug|Any CPU
		{56FBCFDC-CDC9-4497-9524-595ECCAB6759}.Release|Any CPU.ActiveCfg = Release|Any CPU
		{56FBCFDC-CDC9-4497-9524-595ECCAB6759}.Release|Any CPU.Build.0 = Release|Any CPU
		{B36E6F18-CB1A-44BE-9C05-0FD8D8F4B17B}.Debug|Any CPU.ActiveCfg = Debug|Any CPU
		{B36E6F18-CB1A-44BE-9C05-0FD8D8F4B17B}.Debug|Any CPU.Build.0 = Debug|Any CPU
		{B36E6F18-CB1A-44BE-9C05-0FD8D8F4B17B}.Release|Any CPU.ActiveCfg = Release|Any CPU
		{B36E6F18-CB1A-44BE-9C05-0FD8D8F4B17B}.Release|Any CPU.Build.0 = Release|Any CPU
		{C41903BA-90BB-44D9-9C93-3A3E12801E3A}.Debug|Any CPU.ActiveCfg = Debug|Any CPU
		{C41903BA-90BB-44D9-9C93-3A3E12801E3A}.Debug|Any CPU.Build.0 = Debug|Any CPU
		{C41903BA-90BB-44D9-9C93-3A3E12801E3A}.Release|Any CPU.ActiveCfg = Release|Any CPU
		{C41903BA-90BB-44D9-9C93-3A3E12801E3A}.Release|Any CPU.Build.0 = Release|Any CPU
		{9005077D-011A-4ECF-9A71-31DEEF477EF7}.Debug|Any CPU.ActiveCfg = Debug|Any CPU
		{9005077D-011A-4ECF-9A71-31DEEF477EF7}.Debug|Any CPU.Build.0 = Debug|Any CPU
		{9005077D-011A-4ECF-9A71-31DEEF477EF7}.Release|Any CPU.ActiveCfg = Release|Any CPU
		{9005077D-011A-4ECF-9A71-31DEEF477EF7}.Release|Any CPU.Build.0 = Release|Any CPU
		{E94E0162-B139-4D5B-9C61-CA5751BE6F00}.Debug|Any CPU.ActiveCfg = Debug|Any CPU
		{E94E0162-B139-4D5B-9C61-CA5751BE6F00}.Debug|Any CPU.Build.0 = Debug|Any CPU
		{E94E0162-B139-4D5B-9C61-CA5751BE6F00}.Release|Any CPU.ActiveCfg = Release|Any CPU
		{E94E0162-B139-4D5B-9C61-CA5751BE6F00}.Release|Any CPU.Build.0 = Release|Any CPU
		{D3CE1FD2-4FB3-4C92-AA00-FAE42640B797}.Debug|Any CPU.ActiveCfg = Debug|Any CPU
		{D3CE1FD2-4FB3-4C92-AA00-FAE42640B797}.Debug|Any CPU.Build.0 = Debug|Any CPU
		{D3CE1FD2-4FB3-4C92-AA00-FAE42640B797}.Release|Any CPU.ActiveCfg = Release|Any CPU
		{D3CE1FD2-4FB3-4C92-AA00-FAE42640B797}.Release|Any CPU.Build.0 = Release|Any CPU
		{733FE142-928E-4413-8297-54B5B1DB9F69}.Debug|Any CPU.ActiveCfg = Debug|Any CPU
		{733FE142-928E-4413-8297-54B5B1DB9F69}.Debug|Any CPU.Build.0 = Debug|Any CPU
		{733FE142-928E-4413-8297-54B5B1DB9F69}.Release|Any CPU.ActiveCfg = Release|Any CPU
		{733FE142-928E-4413-8297-54B5B1DB9F69}.Release|Any CPU.Build.0 = Release|Any CPU
	EndGlobalSection
	GlobalSection(SolutionProperties) = preSolution
		HideSolutionNode = FALSE
	EndGlobalSection
	GlobalSection(NestedProjects) = preSolution
		{E94E0162-B139-4D5B-9C61-CA5751BE6F00} = {AA322F44-0D94-4D54-871F-76072071F18A}
		{D3CE1FD2-4FB3-4C92-AA00-FAE42640B797} = {AA322F44-0D94-4D54-871F-76072071F18A}
	EndGlobalSection
	GlobalSection(ExtensibilityGlobals) = postSolution
		SolutionGuid = {05506EE1-F8EC-4557-B214-16820504C667}
	EndGlobalSection
EndGlobal
