# Generated by buf. DO NOT EDIT.
version: v1
deps:
  - remote: buf.build
    owner: envoyproxy
    repository: protoc-gen-validate
    branch: main
    commit: bb405eae115246f0b5ccf8997136e3d8
    digest: b1-BJUoAjBMVXaIMUNFJ5kdGr-be0QDwhDSTEDQpoxXzys=
    create_time: 2021-08-20T15:05:15.02577Z
  - remote: buf.build
    owner: gogo
    repository: protobuf
    branch: main
    commit: 4df00b267f944190a229ce3695781e99
    digest: b1-sjLgsg7CzrkOrIjBDh3s-l0aMjE6oqTj85-OsoopKAw=
    create_time: 2021-08-10T00:14:28.345069Z
  - remote: buf.build
    owner: googleapis
    repository: googleapis
    branch: main
    commit: b7ef5e9e56c2413d9092e5ef86e5bbe3
    digest: b1-QAOI4EBE1Rd27jgIjaGqN664KtSWG6Hz40x8yh8HxdU=
    create_time: 2021-09-21T15:08:11.933747Z
