
Microsoft Visual Studio Solution File, Format Version 12.00
# Visual Studio Version 16
VisualStudioVersion = 16.0.810.21
MinimumVisualStudioVersion = 10.0.40219.1
Project("{FAE04EC0-301F-11D3-BF4B-00C04F79EFBC}") = "Manabie.Api", "Manabie.Api\Manabie.Api.csproj", "{DEEEB7D6-C27E-423F-9637-FE7E946AB7C2}"
EndProject
Project("{FAE04EC0-301F-11D3-BF4B-00C04F79EFBC}") = "Manabie.Api.Tests", "Manabie.Api.Tests\Manabie.Api.Tests.csproj", "{010D8580-FEEA-4A53-A050-8A1076B3794F}"
EndProject
Project("{FAE04EC0-301F-11D3-BF4B-00C04F79EFBC}") = "Manabie.Api.IntegrationTests", "Manabie.Api.IntegrationTests\Manabie.Api.IntegrationTests.csproj", "{F81D93F4-1371-4EA4-A6D8-11CC304AEE71}"
EndProject
Global
	GlobalSection(SolutionConfigurationPlatforms) = preSolution
		Debug|Any CPU = Debug|Any CPU
		Release|Any CPU = Release|Any CPU
	EndGlobalSection
	GlobalSection(ProjectConfigurationPlatforms) = postSolution
		{DEEEB7D6-C27E-423F-9637-FE7E946AB7C2}.Debug|Any CPU.ActiveCfg = Debug|Any CPU
		{DEEEB7D6-C27E-423F-9637-FE7E946AB7C2}.Debug|Any CPU.Build.0 = Debug|Any CPU
		{DEEEB7D6-C27E-423F-9637-FE7E946AB7C2}.Release|Any CPU.ActiveCfg = Release|Any CPU
		{DEEEB7D6-C27E-423F-9637-FE7E946AB7C2}.Release|Any CPU.Build.0 = Release|Any CPU
		{010D8580-FEEA-4A53-A050-8A1076B3794F}.Debug|Any CPU.ActiveCfg = Debug|Any CPU
		{010D8580-FEEA-4A53-A050-8A1076B3794F}.Debug|Any CPU.Build.0 = Debug|Any CPU
		{010D8580-FEEA-4A53-A050-8A1076B3794F}.Release|Any CPU.ActiveCfg = Release|Any CPU
		{010D8580-FEEA-4A53-A050-8A1076B3794F}.Release|Any CPU.Build.0 = Release|Any CPU
		{F81D93F4-1371-4EA4-A6D8-11CC304AEE71}.Debug|Any CPU.ActiveCfg = Debug|Any CPU
		{F81D93F4-1371-4EA4-A6D8-11CC304AEE71}.Debug|Any CPU.Build.0 = Debug|Any CPU
		{F81D93F4-1371-4EA4-A6D8-11CC304AEE71}.Release|Any CPU.ActiveCfg = Release|Any CPU
		{F81D93F4-1371-4EA4-A6D8-11CC304AEE71}.Release|Any CPU.Build.0 = Release|Any CPU
	EndGlobalSection
	GlobalSection(SolutionProperties) = preSolution
		HideSolutionNode = FALSE
	EndGlobalSection
	GlobalSection(ExtensibilityGlobals) = postSolution
		SolutionGuid = {4DE49EE0-6422-4E2B-82CA-7F2AFDEB6576}
	EndGlobalSection
EndGlobal
